
Microsoft Visual Studio Solution File, Format Version 12.00
# Visual Studio 15
VisualStudioVersion = 15.0.27705.2000
MinimumVisualStudioVersion = 10.0.40219.1
Project("{9A19103F-16F7-4668-BE54-9A1E7A4F7556}") = "Bladux.Test.Counter", "Bladux.Test.Counter\Bladux.Test.Counter.csproj", "{40FE5EB2-2E9B-4FBA-A16B-9B97B15F41F4}"
EndProject
Project("{9A19103F-16F7-4668-BE54-9A1E7A4F7556}") = "Bladux", "Bladux\Bladux.csproj", "{699B9D0A-E146-405D-8724-A6BF1257F4F1}"
EndProject
Project("{9A19103F-16F7-4668-BE54-9A1E7A4F7556}") = "Bladux.Test.TodoList", "Bladux.Test.TodoList\Bladux.Test.TodoList.csproj", "{286111B6-CBBF-478E-816F-49D5D6291382}"
EndProject
Global
	GlobalSection(SolutionConfigurationPlatforms) = preSolution
		Debug|Any CPU = Debug|Any CPU
		Release|Any CPU = Release|Any CPU
	EndGlobalSection
	GlobalSection(ProjectConfigurationPlatforms) = postSolution
		{40FE5EB2-2E9B-4FBA-A16B-9B97B15F41F4}.Debug|Any CPU.ActiveCfg = Debug|Any CPU
		{40FE5EB2-2E9B-4FBA-A16B-9B97B15F41F4}.Debug|Any CPU.Build.0 = Debug|Any CPU
		{40FE5EB2-2E9B-4FBA-A16B-9B97B15F41F4}.Release|Any CPU.ActiveCfg = Release|Any CPU
		{40FE5EB2-2E9B-4FBA-A16B-9B97B15F41F4}.Release|Any CPU.Build.0 = Release|Any CPU
		{699B9D0A-E146-405D-8724-A6BF1257F4F1}.Debug|Any CPU.ActiveCfg = Debug|Any CPU
		{699B9D0A-E146-405D-8724-A6BF1257F4F1}.Debug|Any CPU.Build.0 = Debug|Any CPU
		{699B9D0A-E146-405D-8724-A6BF1257F4F1}.Release|Any CPU.ActiveCfg = Release|Any CPU
		{699B9D0A-E146-405D-8724-A6BF1257F4F1}.Release|Any CPU.Build.0 = Release|Any CPU
		{286111B6-CBBF-478E-816F-49D5D6291382}.Debug|Any CPU.ActiveCfg = Debug|Any CPU
		{286111B6-CBBF-478E-816F-49D5D6291382}.Debug|Any CPU.Build.0 = Debug|Any CPU
		{286111B6-CBBF-478E-816F-49D5D6291382}.Release|Any CPU.ActiveCfg = Release|Any CPU
		{286111B6-CBBF-478E-816F-49D5D6291382}.Release|Any CPU.Build.0 = Release|Any CPU
	EndGlobalSection
	GlobalSection(SolutionProperties) = preSolution
		HideSolutionNode = FALSE
	EndGlobalSection
	GlobalSection(ExtensibilityGlobals) = postSolution
		SolutionGuid = {5C8CCA77-71C8-4B80-90CE-2FA80C015B5E}
	EndGlobalSection
EndGlobal
